
Microsoft Visual Studio Solution File, Format Version 12.00
# Visual Studio 2013
VisualStudioVersion = 12.0.40629.0
MinimumVisualStudioVersion = 10.0.40219.1
Project("{8BC9CEB8-8B4A-11D0-8D11-00A0C91BC942}") = "Rockey2", "TrueRockey2\Rockey2.vcxproj", "{CEF2D1AC-21F0-A966-25DD-B1524576FE94}"
EndProject
Project("{8BC9CEB8-8B4A-11D0-8D11-00A0C91BC942}") = "RockeyTest", "Rockey2Test\RockeyTest.vcxproj", "{3C992786-2335-92EF-BF80-2257D129462A}"
EndProject
Global
	GlobalSection(SolutionConfigurationPlatforms) = preSolution
		Debug|Win32 = Debug|Win32
		Release|Win32 = Release|Win32
	EndGlobalSection
	GlobalSection(ProjectConfigurationPlatforms) = postSolution
		{CEF2D1AC-21F0-A966-25DD-B1524576FE94}.Debug|Win32.ActiveCfg = Debug|Win32
		{CEF2D1AC-21F0-A966-25DD-B1524576FE94}.Debug|Win32.Build.0 = Debug|Win32
		{CEF2D1AC-21F0-A966-25DD-B1524576FE94}.Release|Win32.ActiveCfg = Release|Win32
		{CEF2D1AC-21F0-A966-25DD-B1524576FE94}.Release|Win32.Build.0 = Release|Win32
		{3C992786-2335-92EF-BF80-2257D129462A}.Debug|Win32.ActiveCfg = Debug|Win32
		{3C992786-2335-92EF-BF80-2257D129462A}.Debug|Win32.Build.0 = Debug|Win32
		{3C992786-2335-92EF-BF80-2257D129462A}.Release|Win32.ActiveCfg = Release|Win32
		{3C992786-2335-92EF-BF80-2257D129462A}.Release|Win32.Build.0 = Release|Win32
	EndGlobalSection
	GlobalSection(SolutionProperties) = preSolution
		HideSolutionNode = FALSE
	EndGlobalSection
EndGlobal
